
Microsoft Visual Studio Solution File, Format Version 12.00
# Visual Studio Version 17
VisualStudioVersion = 17.6.33712.159
MinimumVisualStudioVersion = 10.0.40219.1
Project("{9A19103F-16F7-4668-BE54-9A1E7A4F7556}") = "Funds", "Funds\Funds.csproj", "{D27BB4ED-F83E-4EA5-BE5E-F34505444C41}"
EndProject
Project("{9A19103F-16F7-4668-BE54-9A1E7A4F7556}") = "WebApi", "WebApi\WebApi.csproj", "{1B25C3AD-E67F-41BB-8732-8384FFFF759C}"
EndProject
Global
	GlobalSection(SolutionConfigurationPlatforms) = preSolution
		Debug|Any CPU = Debug|Any CPU
		Release|Any CPU = Release|Any CPU
	EndGlobalSection
	GlobalSection(ProjectConfigurationPlatforms) = postSolution
		{D27BB4ED-F83E-4EA5-BE5E-F34505444C41}.Debug|Any CPU.ActiveCfg = Debug|Any CPU
		{D27BB4ED-F83E-4EA5-BE5E-F34505444C41}.Debug|Any CPU.Build.0 = Debug|Any CPU
		{D27BB4ED-F83E-4EA5-BE5E-F34505444C41}.Release|Any CPU.ActiveCfg = Release|Any CPU
		{D27BB4ED-F83E-4EA5-BE5E-F34505444C41}.Release|Any CPU.Build.0 = Release|Any CPU
		{1B25C3AD-E67F-41BB-8732-8384FFFF759C}.Debug|Any CPU.ActiveCfg = Debug|Any CPU
		{1B25C3AD-E67F-41BB-8732-8384FFFF759C}.Debug|Any CPU.Build.0 = Debug|Any CPU
		{1B25C3AD-E67F-41BB-8732-8384FFFF759C}.Release|Any CPU.ActiveCfg = Release|Any CPU
		{1B25C3AD-E67F-41BB-8732-8384FFFF759C}.Release|Any CPU.Build.0 = Release|Any CPU
	EndGlobalSection
	GlobalSection(SolutionProperties) = preSolution
		HideSolutionNode = FALSE
	EndGlobalSection
	GlobalSection(ExtensibilityGlobals) = postSolution
		SolutionGuid = {8902CE3F-5A12-40C6-8C52-5C64BA61DE2A}
	EndGlobalSection
EndGlobal
